
Microsoft Visual Studio Solution File, Format Version 12.00
# Visual Studio 2013
VisualStudioVersion = 12.0.30501.0
MinimumVisualStudioVersion = 10.0.40219.1
Project("{8BC9CEB8-8B4A-11D0-8D11-00A0C91BC942}") = "CDoom", "cdoom_base.vcxproj", "{C1FF5CD7-19D2-446B-B751-54A18326B83B}"
EndProject
Global
	GlobalSection(SolutionConfigurationPlatforms) = preSolution
		debug|Win32 = debug|Win32
		debug|x64 = debug|x64
		release|Win32 = release|Win32
		release|x64 = release|x64
	EndGlobalSection
	GlobalSection(ProjectConfigurationPlatforms) = postSolution
		{C1FF5CD7-19D2-446B-B751-54A18326B83B}.debug|Win32.ActiveCfg = release|Win32
		{C1FF5CD7-19D2-446B-B751-54A18326B83B}.debug|Win32.Build.0 = release|Win32
		{C1FF5CD7-19D2-446B-B751-54A18326B83B}.debug|x64.ActiveCfg = debug|x64
		{C1FF5CD7-19D2-446B-B751-54A18326B83B}.debug|x64.Build.0 = debug|x64
		{C1FF5CD7-19D2-446B-B751-54A18326B83B}.release|Win32.ActiveCfg = release|Win32
		{C1FF5CD7-19D2-446B-B751-54A18326B83B}.release|Win32.Build.0 = release|Win32
		{C1FF5CD7-19D2-446B-B751-54A18326B83B}.release|x64.ActiveCfg = release|x64
		{C1FF5CD7-19D2-446B-B751-54A18326B83B}.release|x64.Build.0 = release|x64
	EndGlobalSection
	GlobalSection(SolutionProperties) = preSolution
		HideSolutionNode = FALSE
	EndGlobalSection
EndGlobal
